
Microsoft Visual Studio Solution File, Format Version 12.00
# Visual Studio Version 16
VisualStudioVersion = 16.0.31025.194
MinimumVisualStudioVersion = 10.0.40219.1
Project("{FAE04EC0-301F-11D3-BF4B-00C04F79EFBC}") = "Realistic RP", "Realistic RP.csproj", "{B96FD045-378F-4D7C-BABA-8AA286C273DE}"
EndProject
Global
	GlobalSection(SolutionConfigurationPlatforms) = preSolution
		Debug|Any CPU = Debug|Any CPU
		Release|Any CPU = Release|Any CPU
	EndGlobalSection
	GlobalSection(ProjectConfigurationPlatforms) = postSolution
		{B96FD045-378F-4D7C-BABA-8AA286C273DE}.Debug|Any CPU.ActiveCfg = Debug|Any CPU
		{B96FD045-378F-4D7C-BABA-8AA286C273DE}.Debug|Any CPU.Build.0 = Debug|Any CPU
		{B96FD045-378F-4D7C-BABA-8AA286C273DE}.Release|Any CPU.ActiveCfg = Release|Any CPU
		{B96FD045-378F-4D7C-BABA-8AA286C273DE}.Release|Any CPU.Build.0 = Release|Any CPU
	EndGlobalSection
	GlobalSection(SolutionProperties) = preSolution
		HideSolutionNode = FALSE
	EndGlobalSection
	GlobalSection(ExtensibilityGlobals) = postSolution
		SolutionGuid = {335F7003-661F-4E7B-841C-C64CEFB41C4E}
	EndGlobalSection
EndGlobal
